// !$*UTF8*$!
{
	archiveVersion = 1;
	classes = {
	};
	objectVersion = 50;
	objects = {

/* Begin PBXBuildFile section */
		319EFCCD2377F9D100CC67A3 /* MedicalOrganization.swift in Sources */ = {isa = PBXBuildFile; fileRef = 319EFCB02377F9CF00CC67A3 /* MedicalOrganization.swift */; };
		319EFCCE2377F9D100CC67A3 /* ProfileKeyJob.swift in Sources */ = {isa = PBXBuildFile; fileRef = 319EFCB12377F9CF00CC67A3 /* ProfileKeyJob.swift */; };
		319EFCCF2377F9D100CC67A3 /* ProfileKeyInterests.swift in Sources */ = {isa = PBXBuildFile; fileRef = 319EFCB22377F9CF00CC67A3 /* ProfileKeyInterests.swift */; };
		319EFCD02377F9D100CC67A3 /* UpdateProfileUser.swift in Sources */ = {isa = PBXBuildFile; fileRef = 319EFCB42377F9CF00CC67A3 /* UpdateProfileUser.swift */; };
		319EFCD12377F9D100CC67A3 /* Profile.swift in Sources */ = {isa = PBXBuildFile; fileRef = 319EFCB52377F9CF00CC67A3 /* Profile.swift */; };
		319EFCD22377F9D100CC67A3 /* UpdateProfileInterest.swift in Sources */ = {isa = PBXBuildFile; fileRef = 319EFCB62377F9CF00CC67A3 /* UpdateProfileInterest.swift */; };
		319EFCD32377F9D100CC67A3 /* UpdateProfileSpec.swift in Sources */ = {isa = PBXBuildFile; fileRef = 319EFCB72377F9CF00CC67A3 /* UpdateProfileSpec.swift */; };
		319EFCD42377F9D100CC67A3 /* UpdateProfileJob.swift in Sources */ = {isa = PBXBuildFile; fileRef = 319EFCB82377F9CF00CC67A3 /* UpdateProfileJob.swift */; };
		319EFCD52377F9D100CC67A3 /* ListOfInterests.swift in Sources */ = {isa = PBXBuildFile; fileRef = 319EFCB92377F9CF00CC67A3 /* ListOfInterests.swift */; };
		319EFCD62377F9D100CC67A3 /* NetworkService.swift in Sources */ = {isa = PBXBuildFile; fileRef = 319EFCBB2377F9CF00CC67A3 /* NetworkService.swift */; };
		319EFCD72377F9D100CC67A3 /* GetCities.swift in Sources */ = {isa = PBXBuildFile; fileRef = 319EFCBC2377F9CF00CC67A3 /* GetCities.swift */; };
		319EFCD82377F9D100CC67A3 /* MedicalSpecialization.swift in Sources */ = {isa = PBXBuildFile; fileRef = 319EFCBD2377F9CF00CC67A3 /* MedicalSpecialization.swift */; };
		319EFCD92377F9D100CC67A3 /* ProfileKeySpec.swift in Sources */ = {isa = PBXBuildFile; fileRef = 319EFCBE2377F9CF00CC67A3 /* ProfileKeySpec.swift */; };
		319EFCDA2377F9D100CC67A3 /* ProfileKeyUser.swift in Sources */ = {isa = PBXBuildFile; fileRef = 319EFCBF2377F9CF00CC67A3 /* ProfileKeyUser.swift */; };
		319EFCDB2377F9D100CC67A3 /* Cities.swift in Sources */ = {isa = PBXBuildFile; fileRef = 319EFCC02377F9CF00CC67A3 /* Cities.swift */; };
		319EFCDC2377F9D100CC67A3 /* GetMedicalOrganization.swift in Sources */ = {isa = PBXBuildFile; fileRef = 319EFCC12377F9D000CC67A3 /* GetMedicalOrganization.swift */; };
		319EFCDD2377F9D100CC67A3 /* PublicMethod.swift in Sources */ = {isa = PBXBuildFile; fileRef = 319EFCC22377F9D000CC67A3 /* PublicMethod.swift */; };
		319EFCDE2377F9D100CC67A3 /* GetRegions.swift in Sources */ = {isa = PBXBuildFile; fileRef = 319EFCC32377F9D000CC67A3 /* GetRegions.swift */; };
		319EFCDF2377F9D100CC67A3 /* GetDataProfile.swift in Sources */ = {isa = PBXBuildFile; fileRef = 319EFCC42377F9D000CC67A3 /* GetDataProfile.swift */; };
		319EFCE02377F9D100CC67A3 /* GetListOfInterests.swift in Sources */ = {isa = PBXBuildFile; fileRef = 319EFCC52377F9D000CC67A3 /* GetListOfInterests.swift */; };
		319EFCE12377F9D100CC67A3 /* Regions.swift in Sources */ = {isa = PBXBuildFile; fileRef = 319EFCC62377F9D000CC67A3 /* Regions.swift */; };
		319EFCE22377F9D100CC67A3 /* Registration.swift in Sources */ = {isa = PBXBuildFile; fileRef = 319EFCC82377F9D000CC67A3 /* Registration.swift */; };
		319EFCE32377F9D100CC67A3 /* GetMedicalSpecialization.swift in Sources */ = {isa = PBXBuildFile; fileRef = 319EFCC92377F9D000CC67A3 /* GetMedicalSpecialization.swift */; };
		319EFCE42377F9D100CC67A3 /* KeychainWrapper.swift in Sources */ = {isa = PBXBuildFile; fileRef = 319EFCCA2377F9D000CC67A3 /* KeychainWrapper.swift */; };
		319EFCE52377F9D100CC67A3 /* GetAuthToken.swift in Sources */ = {isa = PBXBuildFile; fileRef = 319EFCCB2377F9D000CC67A3 /* GetAuthToken.swift */; };
		319EFCE62377F9D100CC67A3 /* KeychainItemAccessibility.swift in Sources */ = {isa = PBXBuildFile; fileRef = 319EFCCC2377F9D100CC67A3 /* KeychainItemAccessibility.swift */; };
		31B88D912363110900C67826 /* AppDelegate.swift in Sources */ = {isa = PBXBuildFile; fileRef = 31B88D902363110900C67826 /* AppDelegate.swift */; };
		31B88D932363110900C67826 /* ViewController.swift in Sources */ = {isa = PBXBuildFile; fileRef = 31B88D922363110900C67826 /* ViewController.swift */; };
		31B88D962363110900C67826 /* Main.storyboard in Resources */ = {isa = PBXBuildFile; fileRef = 31B88D942363110900C67826 /* Main.storyboard */; };
		31B88D982363110C00C67826 /* Assets.xcassets in Resources */ = {isa = PBXBuildFile; fileRef = 31B88D972363110C00C67826 /* Assets.xcassets */; };
		31B88D9B2363110C00C67826 /* LaunchScreen.storyboard in Resources */ = {isa = PBXBuildFile; fileRef = 31B88D992363110C00C67826 /* LaunchScreen.storyboard */; };
		31B88DA42363189700C67826 /* Backgr3 1.png in Resources */ = {isa = PBXBuildFile; fileRef = 31B88DA32363189700C67826 /* Backgr3 1.png */; };
		31B88DA92363210F00C67826 /* AuthorisationController.swift in Sources */ = {isa = PBXBuildFile; fileRef = 31B88DA82363210F00C67826 /* AuthorisationController.swift */; };
		31B88DAB236322A700C67826 /* RegistrationController.swift in Sources */ = {isa = PBXBuildFile; fileRef = 31B88DAA236322A700C67826 /* RegistrationController.swift */; };
/* End PBXBuildFile section */

/* Begin PBXFileReference section */
		319EFCB02377F9CF00CC67A3 /* MedicalOrganization.swift */ = {isa = PBXFileReference; fileEncoding = 4; lastKnownFileType = sourcecode.swift; path = MedicalOrganization.swift; sourceTree = "<group>"; };
		319EFCB12377F9CF00CC67A3 /* ProfileKeyJob.swift */ = {isa = PBXFileReference; fileEncoding = 4; lastKnownFileType = sourcecode.swift; path = ProfileKeyJob.swift; sourceTree = "<group>"; };
		319EFCB22377F9CF00CC67A3 /* ProfileKeyInterests.swift */ = {isa = PBXFileReference; fileEncoding = 4; lastKnownFileType = sourcecode.swift; path = ProfileKeyInterests.swift; sourceTree = "<group>"; };
		319EFCB42377F9CF00CC67A3 /* UpdateProfileUser.swift */ = {isa = PBXFileReference; fileEncoding = 4; lastKnownFileType = sourcecode.swift; path = UpdateProfileUser.swift; sourceTree = "<group>"; };
		319EFCB52377F9CF00CC67A3 /* Profile.swift */ = {isa = PBXFileReference; fileEncoding = 4; lastKnownFileType = sourcecode.swift; path = Profile.swift; sourceTree = "<group>"; };
		319EFCB62377F9CF00CC67A3 /* UpdateProfileInterest.swift */ = {isa = PBXFileReference; fileEncoding = 4; lastKnownFileType = sourcecode.swift; path = UpdateProfileInterest.swift; sourceTree = "<group>"; };
		319EFCB72377F9CF00CC67A3 /* UpdateProfileSpec.swift */ = {isa = PBXFileReference; fileEncoding = 4; lastKnownFileType = sourcecode.swift; path = UpdateProfileSpec.swift; sourceTree = "<group>"; };
		319EFCB82377F9CF00CC67A3 /* UpdateProfileJob.swift */ = {isa = PBXFileReference; fileEncoding = 4; lastKnownFileType = sourcecode.swift; path = UpdateProfileJob.swift; sourceTree = "<group>"; };
		319EFCB92377F9CF00CC67A3 /* ListOfInterests.swift */ = {isa = PBXFileReference; fileEncoding = 4; lastKnownFileType = sourcecode.swift; path = ListOfInterests.swift; sourceTree = "<group>"; };
		319EFCBB2377F9CF00CC67A3 /* NetworkService.swift */ = {isa = PBXFileReference; fileEncoding = 4; lastKnownFileType = sourcecode.swift; path = NetworkService.swift; sourceTree = "<group>"; };
		319EFCBC2377F9CF00CC67A3 /* GetCities.swift */ = {isa = PBXFileReference; fileEncoding = 4; lastKnownFileType = sourcecode.swift; path = GetCities.swift; sourceTree = "<group>"; };
		319EFCBD2377F9CF00CC67A3 /* MedicalSpecialization.swift */ = {isa = PBXFileReference; fileEncoding = 4; lastKnownFileType = sourcecode.swift; path = MedicalSpecialization.swift; sourceTree = "<group>"; };
		319EFCBE2377F9CF00CC67A3 /* ProfileKeySpec.swift */ = {isa = PBXFileReference; fileEncoding = 4; lastKnownFileType = sourcecode.swift; path = ProfileKeySpec.swift; sourceTree = "<group>"; };
		319EFCBF2377F9CF00CC67A3 /* ProfileKeyUser.swift */ = {isa = PBXFileReference; fileEncoding = 4; lastKnownFileType = sourcecode.swift; path = ProfileKeyUser.swift; sourceTree = "<group>"; };
		319EFCC02377F9CF00CC67A3 /* Cities.swift */ = {isa = PBXFileReference; fileEncoding = 4; lastKnownFileType = sourcecode.swift; path = Cities.swift; sourceTree = "<group>"; };
		319EFCC12377F9D000CC67A3 /* GetMedicalOrganization.swift */ = {isa = PBXFileReference; fileEncoding = 4; lastKnownFileType = sourcecode.swift; path = GetMedicalOrganization.swift; sourceTree = "<group>"; };
		319EFCC22377F9D000CC67A3 /* PublicMethod.swift */ = {isa = PBXFileReference; fileEncoding = 4; lastKnownFileType = sourcecode.swift; path = PublicMethod.swift; sourceTree = "<group>"; };
		319EFCC32377F9D000CC67A3 /* GetRegions.swift */ = {isa = PBXFileReference; fileEncoding = 4; lastKnownFileType = sourcecode.swift; path = GetRegions.swift; sourceTree = "<group>"; };
		319EFCC42377F9D000CC67A3 /* GetDataProfile.swift */ = {isa = PBXFileReference; fileEncoding = 4; lastKnownFileType = sourcecode.swift; path = GetDataProfile.swift; sourceTree = "<group>"; };
		319EFCC52377F9D000CC67A3 /* GetListOfInterests.swift */ = {isa = PBXFileReference; fileEncoding = 4; lastKnownFileType = sourcecode.swift; path = GetListOfInterests.swift; sourceTree = "<group>"; };
		319EFCC62377F9D000CC67A3 /* Regions.swift */ = {isa = PBXFileReference; fileEncoding = 4; lastKnownFileType = sourcecode.swift; path = Regions.swift; sourceTree = "<group>"; };
		319EFCC82377F9D000CC67A3 /* Registration.swift */ = {isa = PBXFileReference; fileEncoding = 4; lastKnownFileType = sourcecode.swift; path = Registration.swift; sourceTree = "<group>"; };
		319EFCC92377F9D000CC67A3 /* GetMedicalSpecialization.swift */ = {isa = PBXFileReference; fileEncoding = 4; lastKnownFileType = sourcecode.swift; path = GetMedicalSpecialization.swift; sourceTree = "<group>"; };
		319EFCCA2377F9D000CC67A3 /* KeychainWrapper.swift */ = {isa = PBXFileReference; fileEncoding = 4; lastKnownFileType = sourcecode.swift; path = KeychainWrapper.swift; sourceTree = "<group>"; };
		319EFCCB2377F9D000CC67A3 /* GetAuthToken.swift */ = {isa = PBXFileReference; fileEncoding = 4; lastKnownFileType = sourcecode.swift; path = GetAuthToken.swift; sourceTree = "<group>"; };
		319EFCCC2377F9D100CC67A3 /* KeychainItemAccessibility.swift */ = {isa = PBXFileReference; fileEncoding = 4; lastKnownFileType = sourcecode.swift; path = KeychainItemAccessibility.swift; sourceTree = "<group>"; };
		31B88D8D2363110900C67826 /* HDintrfc.app */ = {isa = PBXFileReference; explicitFileType = wrapper.application; includeInIndex = 0; path = HDintrfc.app; sourceTree = BUILT_PRODUCTS_DIR; };
		31B88D902363110900C67826 /* AppDelegate.swift */ = {isa = PBXFileReference; lastKnownFileType = sourcecode.swift; path = AppDelegate.swift; sourceTree = "<group>"; };
		31B88D922363110900C67826 /* ViewController.swift */ = {isa = PBXFileReference; lastKnownFileType = sourcecode.swift; path = ViewController.swift; sourceTree = "<group>"; };
		31B88D952363110900C67826 /* Base */ = {isa = PBXFileReference; lastKnownFileType = file.storyboard; name = Base; path = Base.lproj/Main.storyboard; sourceTree = "<group>"; };
		31B88D972363110C00C67826 /* Assets.xcassets */ = {isa = PBXFileReference; lastKnownFileType = folder.assetcatalog; path = Assets.xcassets; sourceTree = "<group>"; };
		31B88D9A2363110C00C67826 /* Base */ = {isa = PBXFileReference; lastKnownFileType = file.storyboard; name = Base; path = Base.lproj/LaunchScreen.storyboard; sourceTree = "<group>"; };
		31B88D9C2363110C00C67826 /* Info.plist */ = {isa = PBXFileReference; lastKnownFileType = text.plist.xml; path = Info.plist; sourceTree = "<group>"; };
		31B88DA32363189700C67826 /* Backgr3 1.png */ = {isa = PBXFileReference; lastKnownFileType = image.png; path = "Backgr3 1.png"; sourceTree = "<group>"; };
		31B88DA82363210F00C67826 /* AuthorisationController.swift */ = {isa = PBXFileReference; lastKnownFileType = sourcecode.swift; path = AuthorisationController.swift; sourceTree = "<group>"; };
		31B88DAA236322A700C67826 /* RegistrationController.swift */ = {isa = PBXFileReference; lastKnownFileType = sourcecode.swift; path = RegistrationController.swift; sourceTree = "<group>"; };
/* End PBXFileReference section */

/* Begin PBXFrameworksBuildPhase section */
		31B88D8A2363110900C67826 /* Frameworks */ = {
			isa = PBXFrameworksBuildPhase;
			buildActionMask = 2147483647;
			files = (
			);
			runOnlyForDeploymentPostprocessing = 0;
		};
/* End PBXFrameworksBuildPhase section */

/* Begin PBXGroup section */
		319EFCB32377F9CF00CC67A3 /* Profile */ = {
			isa = PBXGroup;
			children = (
				319EFCB42377F9CF00CC67A3 /* UpdateProfileUser.swift */,
				319EFCB52377F9CF00CC67A3 /* Profile.swift */,
				319EFCB62377F9CF00CC67A3 /* UpdateProfileInterest.swift */,
				319EFCB72377F9CF00CC67A3 /* UpdateProfileSpec.swift */,
				319EFCB82377F9CF00CC67A3 /* UpdateProfileJob.swift */,
			);
			path = Profile;
			sourceTree = "<group>";
		};
		319EFCBA2377F9CF00CC67A3 /* NetworkService */ = {
			isa = PBXGroup;
			children = (
				319EFCBB2377F9CF00CC67A3 /* NetworkService.swift */,
			);
			path = NetworkService;
			sourceTree = "<group>";
		};
		319EFCC72377F9D000CC67A3 /* Registration */ = {
			isa = PBXGroup;
			children = (
				319EFCC82377F9D000CC67A3 /* Registration.swift */,
			);
			path = Registration;
			sourceTree = "<group>";
		};
		319EFCE72377F9DE00CC67A3 /* API */ = {
			isa = PBXGroup;
			children = (
				319EFCBA2377F9CF00CC67A3 /* NetworkService */,
				319EFCB32377F9CF00CC67A3 /* Profile */,
				319EFCB22377F9CF00CC67A3 /* ProfileKeyInterests.swift */,
				319EFCB12377F9CF00CC67A3 /* ProfileKeyJob.swift */,
				319EFCBE2377F9CF00CC67A3 /* ProfileKeySpec.swift */,
				319EFCBF2377F9CF00CC67A3 /* ProfileKeyUser.swift */,
				319EFCC22377F9D000CC67A3 /* PublicMethod.swift */,
				319EFCC62377F9D000CC67A3 /* Regions.swift */,
				319EFCC72377F9D000CC67A3 /* Registration */,
				319EFCC02377F9CF00CC67A3 /* Cities.swift */,
				319EFCCB2377F9D000CC67A3 /* GetAuthToken.swift */,
				319EFCBC2377F9CF00CC67A3 /* GetCities.swift */,
				319EFCC42377F9D000CC67A3 /* GetDataProfile.swift */,
				319EFCC52377F9D000CC67A3 /* GetListOfInterests.swift */,
				319EFCC12377F9D000CC67A3 /* GetMedicalOrganization.swift */,
				319EFCC92377F9D000CC67A3 /* GetMedicalSpecialization.swift */,
				319EFCC32377F9D000CC67A3 /* GetRegions.swift */,
				319EFCCC2377F9D100CC67A3 /* KeychainItemAccessibility.swift */,
				319EFCCA2377F9D000CC67A3 /* KeychainWrapper.swift */,
				319EFCB92377F9CF00CC67A3 /* ListOfInterests.swift */,
				319EFCB02377F9CF00CC67A3 /* MedicalOrganization.swift */,
				319EFCBD2377F9CF00CC67A3 /* MedicalSpecialization.swift */,
			);
			path = API;
			sourceTree = "<group>";
		};
		31B88D842363110900C67826 = {
			isa = PBXGroup;
			children = (
				31B88D8F2363110900C67826 /* HDintrfc */,
				31B88D8E2363110900C67826 /* Products */,
			);
			sourceTree = "<group>";
		};
		31B88D8E2363110900C67826 /* Products */ = {
			isa = PBXGroup;
			children = (
				31B88D8D2363110900C67826 /* HDintrfc.app */,
			);
			name = Products;
			sourceTree = "<group>";
		};
		31B88D8F2363110900C67826 /* HDintrfc */ = {
			isa = PBXGroup;
			children = (
				319EFCE72377F9DE00CC67A3 /* API */,
				31B88D902363110900C67826 /* AppDelegate.swift */,
				31B88D942363110900C67826 /* Main.storyboard */,
				31B88D992363110C00C67826 /* LaunchScreen.storyboard */,
				31B88D9C2363110C00C67826 /* Info.plist */,
				31B88DA52363204500C67826 /* Controller */,
				31B88DA22363187500C67826 /* resource */,
			);
			path = HDintrfc;
			sourceTree = "<group>";
		};
		31B88DA22363187500C67826 /* resource */ = {
			isa = PBXGroup;
			children = (
				31B88D972363110C00C67826 /* Assets.xcassets */,
				31B88DA32363189700C67826 /* Backgr3 1.png */,
			);
			path = resource;
			sourceTree = "<group>";
		};
		31B88DA52363204500C67826 /* Controller */ = {
			isa = PBXGroup;
			children = (
				31B88D922363110900C67826 /* ViewController.swift */,
				31B88DA82363210F00C67826 /* AuthorisationController.swift */,
				31B88DAA236322A700C67826 /* RegistrationController.swift */,
			);
			path = Controller;
			sourceTree = "<group>";
		};
/* End PBXGroup section */

/* Begin PBXNativeTarget section */
		31B88D8C2363110900C67826 /* HDintrfc */ = {
			isa = PBXNativeTarget;
			buildConfigurationList = 31B88D9F2363110C00C67826 /* Build configuration list for PBXNativeTarget "HDintrfc" */;
			buildPhases = (
				31B88D892363110900C67826 /* Sources */,
				31B88D8A2363110900C67826 /* Frameworks */,
				31B88D8B2363110900C67826 /* Resources */,
			);
			buildRules = (
			);
			dependencies = (
			);
			name = HDintrfc;
			productName = HDintrfc;
			productReference = 31B88D8D2363110900C67826 /* HDintrfc.app */;
			productType = "com.apple.product-type.application";
		};
/* End PBXNativeTarget section */

/* Begin PBXProject section */
		31B88D852363110900C67826 /* Project object */ = {
			isa = PBXProject;
			attributes = {
				KnownAssetTags = (
					FirstScreen,
				);
				LastSwiftUpdateCheck = 1030;
				LastUpgradeCheck = 1030;
				ORGANIZATIONNAME = "ivan polyakov";
				TargetAttributes = {
					31B88D8C2363110900C67826 = {
						CreatedOnToolsVersion = 10.3;
					};
				};
			};
			buildConfigurationList = 31B88D882363110900C67826 /* Build configuration list for PBXProject "HDintrfc" */;
			compatibilityVersion = "Xcode 9.3";
			developmentRegion = en;
			hasScannedForEncodings = 0;
			knownRegions = (
				en,
				Base,
			);
			mainGroup = 31B88D842363110900C67826;
			productRefGroup = 31B88D8E2363110900C67826 /* Products */;
			projectDirPath = "";
			projectRoot = "";
			targets = (
				31B88D8C2363110900C67826 /* HDintrfc */,
			);
		};
/* End PBXProject section */

/* Begin PBXResourcesBuildPhase section */
		31B88D8B2363110900C67826 /* Resources */ = {
			isa = PBXResourcesBuildPhase;
			buildActionMask = 2147483647;
			files = (
				31B88D9B2363110C00C67826 /* LaunchScreen.storyboard in Resources */,
				31B88D982363110C00C67826 /* Assets.xcassets in Resources */,
				31B88DA42363189700C67826 /* Backgr3 1.png in Resources */,
				31B88D962363110900C67826 /* Main.storyboard in Resources */,
			);
			runOnlyForDeploymentPostprocessing = 0;
		};
/* End PBXResourcesBuildPhase section */

/* Begin PBXSourcesBuildPhase section */
		31B88D892363110900C67826 /* Sources */ = {
			isa = PBXSourcesBuildPhase;
			buildActionMask = 2147483647;
			files = (
				319EFCDD2377F9D100CC67A3 /* PublicMethod.swift in Sources */,
				319EFCD52377F9D100CC67A3 /* ListOfInterests.swift in Sources */,
				319EFCD42377F9D100CC67A3 /* UpdateProfileJob.swift in Sources */,
				319EFCD92377F9D100CC67A3 /* ProfileKeySpec.swift in Sources */,
				31B88D932363110900C67826 /* ViewController.swift in Sources */,
				31B88D912363110900C67826 /* AppDelegate.swift in Sources */,
				319EFCE22377F9D100CC67A3 /* Registration.swift in Sources */,
				319EFCDE2377F9D100CC67A3 /* GetRegions.swift in Sources */,
				319EFCD82377F9D100CC67A3 /* MedicalSpecialization.swift in Sources */,
				31B88DAB236322A700C67826 /* RegistrationController.swift in Sources */,
				319EFCD72377F9D100CC67A3 /* GetCities.swift in Sources */,
				319EFCE52377F9D100CC67A3 /* GetAuthToken.swift in Sources */,
				319EFCCF2377F9D100CC67A3 /* ProfileKeyInterests.swift in Sources */,
				319EFCD62377F9D100CC67A3 /* NetworkService.swift in Sources */,
				319EFCCD2377F9D100CC67A3 /* MedicalOrganization.swift in Sources */,
				319EFCD02377F9D100CC67A3 /* UpdateProfileUser.swift in Sources */,
				319EFCD32377F9D100CC67A3 /* UpdateProfileSpec.swift in Sources */,
				319EFCDB2377F9D100CC67A3 /* Cities.swift in Sources */,
				319EFCE42377F9D100CC67A3 /* KeychainWrapper.swift in Sources */,
				319EFCD22377F9D100CC67A3 /* UpdateProfileInterest.swift in Sources */,
				319EFCDA2377F9D100CC67A3 /* ProfileKeyUser.swift in Sources */,
				31B88DA92363210F00C67826 /* AuthorisationController.swift in Sources */,
				319EFCD12377F9D100CC67A3 /* Profile.swift in Sources */,
				319EFCE62377F9D100CC67A3 /* KeychainItemAccessibility.swift in Sources */,
				319EFCE32377F9D100CC67A3 /* GetMedicalSpecialization.swift in Sources */,
				319EFCDF2377F9D100CC67A3 /* GetDataProfile.swift in Sources */,
				319EFCE02377F9D100CC67A3 /* GetListOfInterests.swift in Sources */,
				319EFCE12377F9D100CC67A3 /* Regions.swift in Sources */,
				319EFCCE2377F9D100CC67A3 /* ProfileKeyJob.swift in Sources */,
				319EFCDC2377F9D100CC67A3 /* GetMedicalOrganization.swift in Sources */,
			);
			runOnlyForDeploymentPostprocessing = 0;
		};
/* End PBXSourcesBuildPhase section */

/* Begin PBXVariantGroup section */
		31B88D942363110900C67826 /* Main.storyboard */ = {
			isa = PBXVariantGroup;
			children = (
				31B88D952363110900C67826 /* Base */,
			);
			name = Main.storyboard;
			sourceTree = "<group>";
		};
		31B88D992363110C00C67826 /* LaunchScreen.storyboard */ = {
			isa = PBXVariantGroup;
			children = (
				31B88D9A2363110C00C67826 /* Base */,
			);
			name = LaunchScreen.storyboard;
			sourceTree = "<group>";
		};
/* End PBXVariantGroup section */

/* Begin XCBuildConfiguration section */
		31B88D9D2363110C00C67826 /* Debug */ = {
			isa = XCBuildConfiguration;
			buildSettings = {
				ALWAYS_SEARCH_USER_PATHS = NO;
				CLANG_ANALYZER_NONNULL = YES;
				CLANG_ANALYZER_NUMBER_OBJECT_CONVERSION = YES_AGGRESSIVE;
				CLANG_CXX_LANGUAGE_STANDARD = "gnu++14";
				CLANG_CXX_LIBRARY = "libc++";
				CLANG_ENABLE_MODULES = YES;
				CLANG_ENABLE_OBJC_ARC = YES;
				CLANG_ENABLE_OBJC_WEAK = YES;
				CLANG_WARN_BLOCK_CAPTURE_AUTORELEASING = YES;
				CLANG_WARN_BOOL_CONVERSION = YES;
				CLANG_WARN_COMMA = YES;
				CLANG_WARN_CONSTANT_CONVERSION = YES;
				CLANG_WARN_DEPRECATED_OBJC_IMPLEMENTATIONS = YES;
				CLANG_WARN_DIRECT_OBJC_ISA_USAGE = YES_ERROR;
				CLANG_WARN_DOCUMENTATION_COMMENTS = YES;
				CLANG_WARN_EMPTY_BODY = YES;
				CLANG_WARN_ENUM_CONVERSION = YES;
				CLANG_WARN_INFINITE_RECURSION = YES;
				CLANG_WARN_INT_CONVERSION = YES;
				CLANG_WARN_NON_LITERAL_NULL_CONVERSION = YES;
				CLANG_WARN_OBJC_IMPLICIT_RETAIN_SELF = YES;
				CLANG_WARN_OBJC_LITERAL_CONVERSION = YES;
				CLANG_WARN_OBJC_ROOT_CLASS = YES_ERROR;
				CLANG_WARN_RANGE_LOOP_ANALYSIS = YES;
				CLANG_WARN_STRICT_PROTOTYPES = YES;
				CLANG_WARN_SUSPICIOUS_MOVE = YES;
				CLANG_WARN_UNGUARDED_AVAILABILITY = YES_AGGRESSIVE;
				CLANG_WARN_UNREACHABLE_CODE = YES;
				CLANG_WARN__DUPLICATE_METHOD_MATCH = YES;
				CODE_SIGN_IDENTITY = "iPhone Developer";
				COPY_PHASE_STRIP = NO;
				DEBUG_INFORMATION_FORMAT = dwarf;
				ENABLE_STRICT_OBJC_MSGSEND = YES;
				ENABLE_TESTABILITY = YES;
				GCC_C_LANGUAGE_STANDARD = gnu11;
				GCC_DYNAMIC_NO_PIC = NO;
				GCC_NO_COMMON_BLOCKS = YES;
				GCC_OPTIMIZATION_LEVEL = 0;
				GCC_PREPROCESSOR_DEFINITIONS = (
					"DEBUG=1",
					"$(inherited)",
				);
				GCC_WARN_64_TO_32_BIT_CONVERSION = YES;
				GCC_WARN_ABOUT_RETURN_TYPE = YES_ERROR;
				GCC_WARN_UNDECLARED_SELECTOR = YES;
				GCC_WARN_UNINITIALIZED_AUTOS = YES_AGGRESSIVE;
				GCC_WARN_UNUSED_FUNCTION = YES;
				GCC_WARN_UNUSED_VARIABLE = YES;
				IPHONEOS_DEPLOYMENT_TARGET = 12.4;
				MTL_ENABLE_DEBUG_INFO = INCLUDE_SOURCE;
				MTL_FAST_MATH = YES;
				ONLY_ACTIVE_ARCH = YES;
				SDKROOT = iphoneos;
				SWIFT_ACTIVE_COMPILATION_CONDITIONS = DEBUG;
				SWIFT_OPTIMIZATION_LEVEL = "-Onone";
			};
			name = Debug;
		};
		31B88D9E2363110C00C67826 /* Release */ = {
			isa = XCBuildConfiguration;
			buildSettings = {
				ALWAYS_SEARCH_USER_PATHS = NO;
				CLANG_ANALYZER_NONNULL = YES;
				CLANG_ANALYZER_NUMBER_OBJECT_CONVERSION = YES_AGGRESSIVE;
				CLANG_CXX_LANGUAGE_STANDARD = "gnu++14";
				CLANG_CXX_LIBRARY = "libc++";
				CLANG_ENABLE_MODULES = YES;
				CLANG_ENABLE_OBJC_ARC = YES;
				CLANG_ENABLE_OBJC_WEAK = YES;
				CLANG_WARN_BLOCK_CAPTURE_AUTORELEASING = YES;
				CLANG_WARN_BOOL_CONVERSION = YES;
				CLANG_WARN_COMMA = YES;
				CLANG_WARN_CONSTANT_CONVERSION = YES;
				CLANG_WARN_DEPRECATED_OBJC_IMPLEMENTATIONS = YES;
				CLANG_WARN_DIRECT_OBJC_ISA_USAGE = YES_ERROR;
				CLANG_WARN_DOCUMENTATION_COMMENTS = YES;
				CLANG_WARN_EMPTY_BODY = YES;
				CLANG_WARN_ENUM_CONVERSION = YES;
				CLANG_WARN_INFINITE_RECURSION = YES;
				CLANG_WARN_INT_CONVERSION = YES;
				CLANG_WARN_NON_LITERAL_NULL_CONVERSION = YES;
				CLANG_WARN_OBJC_IMPLICIT_RETAIN_SELF = YES;
				CLANG_WARN_OBJC_LITERAL_CONVERSION = YES;
				CLANG_WARN_OBJC_ROOT_CLASS = YES_ERROR;
				CLANG_WARN_RANGE_LOOP_ANALYSIS = YES;
				CLANG_WARN_STRICT_PROTOTYPES = YES;
				CLANG_WARN_SUSPICIOUS_MOVE = YES;
				CLANG_WARN_UNGUARDED_AVAILABILITY = YES_AGGRESSIVE;
				CLANG_WARN_UNREACHABLE_CODE = YES;
				CLANG_WARN__DUPLICATE_METHOD_MATCH = YES;
				CODE_SIGN_IDENTITY = "iPhone Developer";
				COPY_PHASE_STRIP = NO;
				DEBUG_INFORMATION_FORMAT = "dwarf-with-dsym";
				ENABLE_NS_ASSERTIONS = NO;
				ENABLE_STRICT_OBJC_MSGSEND = YES;
				GCC_C_LANGUAGE_STANDARD = gnu11;
				GCC_NO_COMMON_BLOCKS = YES;
				GCC_WARN_64_TO_32_BIT_CONVERSION = YES;
				GCC_WARN_ABOUT_RETURN_TYPE = YES_ERROR;
				GCC_WARN_UNDECLARED_SELECTOR = YES;
				GCC_WARN_UNINITIALIZED_AUTOS = YES_AGGRESSIVE;
				GCC_WARN_UNUSED_FUNCTION = YES;
				GCC_WARN_UNUSED_VARIABLE = YES;
				IPHONEOS_DEPLOYMENT_TARGET = 12.4;
				MTL_ENABLE_DEBUG_INFO = NO;
				MTL_FAST_MATH = YES;
				SDKROOT = iphoneos;
				SWIFT_COMPILATION_MODE = wholemodule;
				SWIFT_OPTIMIZATION_LEVEL = "-O";
				VALIDATE_PRODUCT = YES;
			};
			name = Release;
		};
		31B88DA02363110C00C67826 /* Debug */ = {
			isa = XCBuildConfiguration;
			buildSettings = {
				ASSETCATALOG_COMPILER_APPICON_NAME = AppIcon;
				CODE_SIGN_STYLE = Automatic;
				DEVELOPMENT_TEAM = 6P2FWGUH8T;
				INFOPLIST_FILE = HDintrfc/Info.plist;
				IPHONEOS_DEPLOYMENT_TARGET = 9.0;
				LD_RUNPATH_SEARCH_PATHS = (
					"$(inherited)",
					"@executable_path/Frameworks",
				);
				PRODUCT_BUNDLE_IDENTIFIER = IP.HDintrfc;
				PRODUCT_NAME = "$(TARGET_NAME)";
				SWIFT_VERSION = 5.0;
				TARGETED_DEVICE_FAMILY = 1;
			};
			name = Debug;
		};
		31B88DA12363110C00C67826 /* Release */ = {
			isa = XCBuildConfiguration;
			buildSettings = {
				ASSETCATALOG_COMPILER_APPICON_NAME = AppIcon;
				CODE_SIGN_STYLE = Automatic;
				DEVELOPMENT_TEAM = 6P2FWGUH8T;
				INFOPLIST_FILE = HDintrfc/Info.plist;
				IPHONEOS_DEPLOYMENT_TARGET = 9.0;
				LD_RUNPATH_SEARCH_PATHS = (
					"$(inherited)",
					"@executable_path/Frameworks",
				);
				PRODUCT_BUNDLE_IDENTIFIER = IP.HDintrfc;
				PRODUCT_NAME = "$(TARGET_NAME)";
				SWIFT_VERSION = 5.0;
				TARGETED_DEVICE_FAMILY = 1;
			};
			name = Release;
		};
/* End XCBuildConfiguration section */

/* Begin XCConfigurationList section */
		31B88D882363110900C67826 /* Build configuration list for PBXProject "HDintrfc" */ = {
			isa = XCConfigurationList;
			buildConfigurations = (
				31B88D9D2363110C00C67826 /* Debug */,
				31B88D9E2363110C00C67826 /* Release */,
			);
			defaultConfigurationIsVisible = 0;
			defaultConfigurationName = Release;
		};
		31B88D9F2363110C00C67826 /* Build configuration list for PBXNativeTarget "HDintrfc" */ = {
			isa = XCConfigurationList;
			buildConfigurations = (
				31B88DA02363110C00C67826 /* Debug */,
				31B88DA12363110C00C67826 /* Release */,
			);
			defaultConfigurationIsVisible = 0;
			defaultConfigurationName = Release;
		};
/* End XCConfigurationList section */
	};
	rootObject = 31B88D852363110900C67826 /* Project object */;
}
